
Microsoft Visual Studio Solution File, Format Version 12.00
# Visual Studio Version 16
VisualStudioVersion = 16.0.32228.343
MinimumVisualStudioVersion = 10.0.40219.1
Project("{FAE04EC0-301F-11D3-BF4B-00C04F79EFBC}") = "NovoControleDeHorarios", "NovoControleDeHorarios\NovoControleDeHorarios.csproj", "{06DC3AA1-0420-4067-9700-1C6733087FE2}"
EndProject
Project("{54435603-DBB4-11D2-8724-00A0C9A8B90C}") = "NovoControledeHorariosSetup", "NovoControledeHorariosSetup\NovoControledeHorariosSetup.vdproj", "{D6C6C0FC-E26A-492A-9BE9-F66B85136313}"
EndProject
Global
	GlobalSection(SolutionConfigurationPlatforms) = preSolution
		Debug|Any CPU = Debug|Any CPU
		Release|Any CPU = Release|Any CPU
	EndGlobalSection
	GlobalSection(ProjectConfigurationPlatforms) = postSolution
		{06DC3AA1-0420-4067-9700-1C6733087FE2}.Debug|Any CPU.ActiveCfg = Debug|Any CPU
		{06DC3AA1-0420-4067-9700-1C6733087FE2}.Debug|Any CPU.Build.0 = Debug|Any CPU
		{06DC3AA1-0420-4067-9700-1C6733087FE2}.Release|Any CPU.ActiveCfg = Release|Any CPU
		{06DC3AA1-0420-4067-9700-1C6733087FE2}.Release|Any CPU.Build.0 = Release|Any CPU
		{D6C6C0FC-E26A-492A-9BE9-F66B85136313}.Debug|Any CPU.ActiveCfg = Debug
		{D6C6C0FC-E26A-492A-9BE9-F66B85136313}.Release|Any CPU.ActiveCfg = Release
	EndGlobalSection
	GlobalSection(SolutionProperties) = preSolution
		HideSolutionNode = FALSE
	EndGlobalSection
	GlobalSection(ExtensibilityGlobals) = postSolution
		SolutionGuid = {F5A303D9-66FE-43AB-9C0B-C08BA7B51C2F}
	EndGlobalSection
EndGlobal
